<Solution>
  <Folder Name="/L00-start-here/">
    <Project Path="labs/L00-start-here/exercises/L00-01-activity-feed/L00-01-activity-feed.csproj" />
  </Folder>
  <Folder Name="/L01-hot-spots/">
    <Project Path="labs/L01-hot-spots/exercises/L01-01-invoice-export/L01-01-invoice-export.csproj" />
    <Project Path="labs/L01-hot-spots/exercises/L01-02-contact-import/L01-02-contact-import.csproj" />
    <Project Path="labs/L01-hot-spots/exercises/L01-03-log-classifier/L01-03-log-classifier.csproj" />
    <Project Path="labs/L01-hot-spots/exercises/L01-04-quantity-parsing/L01-04-quantity-parsing.csproj" />
    <Project Path="labs/L01-hot-spots/exercises/L01-05-customer-dashboard/L01-05-customer-dashboard.csproj" />
    <Project Path="labs/L01-hot-spots/exercises/L01-06-leaderboard/L01-06-leaderboard.csproj" />
    <Project Path="labs/L01-hot-spots/exercises/L01-07-field-reader/L01-07-field-reader.csproj" />
    <Project Path="labs/L01-hot-spots/exercises/L01-boss-order-ledger/L01-boss-order-ledger.csproj" />
  </Folder>
  <Folder Name="/L02-allocations/">
    <Project Path="labs/L02-allocations/exercises/L02-01-sensor-metrics/L02-01-sensor-metrics.csproj" />
    <Project Path="labs/L02-allocations/exercises/L02-02-order-lines/L02-02-order-lines.csproj" />
    <Project Path="labs/L02-allocations/exercises/L02-03-page-renderer/L02-03-page-renderer.csproj" />
    <Project Path="labs/L02-allocations/exercises/L02-04-tile-cache/L02-04-tile-cache.csproj" />
    <Project Path="labs/L02-allocations/exercises/L02-05-price-lookup/L02-05-price-lookup.csproj" />
    <Project Path="labs/L02-allocations/exercises/L02-06-log-classifier-2/L02-06-log-classifier-2.csproj" />
    <Project Path="labs/L02-allocations/exercises/L02-07-route-stats/L02-07-route-stats.csproj" />
    <Project Path="labs/L02-allocations/exercises/L02-08-small-sums/L02-08-small-sums.csproj" />
    <Project Path="labs/L02-allocations/exercises/L02-09-case-lookup/L02-09-case-lookup.csproj" />
    <Project Path="labs/L02-allocations/exercises/L02-boss-shipment-manifest/L02-boss-shipment-manifest.csproj" />
  </Folder>
  <Folder Name="/L03-leaks/">
    <Project Path="labs/L03-leaks/exercises/L03-01-event-hub/L03-01-event-hub.csproj" />
    <Project Path="labs/L03-leaks/exercises/L03-02-session-cache/L03-02-session-cache.csproj" />
    <Project Path="labs/L03-leaks/exercises/L03-03-price-ticker/L03-03-price-ticker.csproj" />
    <Project Path="labs/L03-leaks/exercises/L03-04-batch-report/L03-04-batch-report.csproj" />
    <Project Path="labs/L03-leaks/exercises/L03-05-tag-registry/L03-05-tag-registry.csproj" />
    <Project Path="labs/L03-leaks/exercises/L03-06-callback-registry/L03-06-callback-registry.csproj" />
    <Project Path="labs/L03-leaks/exercises/L03-boss-session-gateway/L03-boss-session-gateway.csproj" />
  </Folder>
  <Folder Name="/L04-async-concurrency/">
    <Project Path="labs/L04-async-concurrency/exercises/L04-01-request-burst/L04-01-request-burst.csproj" />
    <Project Path="labs/L04-async-concurrency/exercises/L04-02-latency-stats/L04-02-latency-stats.csproj" />
    <Project Path="labs/L04-async-concurrency/exercises/L04-03-bulk-fetch/L04-03-bulk-fetch.csproj" />
    <Project Path="labs/L04-async-concurrency/exercises/L04-04-config-cache/L04-04-config-cache.csproj" />
    <Project Path="labs/L04-async-concurrency/exercises/L04-05-order-pipeline/L04-05-order-pipeline.csproj" />
    <Project Path="labs/L04-async-concurrency/exercises/L04-06-reference-data/L04-06-reference-data.csproj" />
    <Project Path="labs/L04-async-concurrency/exercises/L04-07-partner-api-calls/L04-07-partner-api-calls.csproj" />
    <Project Path="labs/L04-async-concurrency/exercises/L04-boss-notification-hub/L04-boss-notification-hub.csproj" />
  </Folder>
  <Folder Name="/L05-library-stack/">
    <Project Path="labs/L05-library-stack/exercises/L05-01-customer-orders/L05-01-customer-orders.csproj" />
    <Project Path="labs/L05-library-stack/exercises/L05-02-product-list/L05-02-product-list.csproj" />
    <Project Path="labs/L05-library-stack/exercises/L05-03-sku-totals/L05-03-sku-totals.csproj" />
    <Project Path="labs/L05-library-stack/exercises/L05-04-service-calls/L05-04-service-calls.csproj" />
    <Project Path="labs/L05-library-stack/exercises/L05-05-json-response/L05-05-json-response.csproj" />
    <Project Path="labs/L05-library-stack/exercises/L05-06-debug-logging/L05-06-debug-logging.csproj" />
    <Project Path="labs/L05-library-stack/exercises/L05-07-audit-log/L05-07-audit-log.csproj" />
    <Project Path="labs/L05-library-stack/exercises/L05-08-byte-reader/L05-08-byte-reader.csproj" />
    <Project Path="labs/L05-library-stack/exercises/L05-boss-order-report/L05-boss-order-report.csproj" />
  </Folder>
  <Folder Name="/L06-hardware-runtime/">
    <Project Path="labs/L06-hardware-runtime/exercises/L06-01-matrix-walk/L06-01-matrix-walk.csproj" />
    <Project Path="labs/L06-hardware-runtime/exercises/L06-02-particle-sweep/L06-02-particle-sweep.csproj" />
    <Project Path="labs/L06-hardware-runtime/exercises/L06-03-threshold-count/L06-03-threshold-count.csproj" />
    <Project Path="labs/L06-hardware-runtime/exercises/L06-04-worker-counters/L06-04-worker-counters.csproj" />
    <Project Path="labs/L06-hardware-runtime/exercises/L06-05-transform-batch/L06-05-transform-batch.csproj" />
    <Project Path="labs/L06-hardware-runtime/exercises/L06-06-shape-areas/L06-06-shape-areas.csproj" />
    <Project Path="labs/L06-hardware-runtime/exercises/L06-07-warmup-curve/L06-07-warmup-curve.csproj" />
    <Project Path="labs/L06-hardware-runtime/exercises/L06-08-count-matches/L06-08-count-matches.csproj" />
    <Project Path="labs/L06-hardware-runtime/exercises/L06-09-bit-counts/L06-09-bit-counts.csproj" />
    <Project Path="labs/L06-hardware-runtime/exercises/L06-boss-sensor-grid/L06-boss-sensor-grid.csproj" />
  </Folder>
  <Folder Name="/L07-boss-fights/">
    <Project Path="labs/L07-boss-fights/exercises/L07-01-checkout-service/L07-01-checkout-service.csproj" />
    <Project Path="labs/L07-boss-fights/exercises/L07-02-phantom-leak/L07-02-phantom-leak.csproj" />
    <Project Path="labs/L07-boss-fights/exercises/L07-03-works-on-my-laptop/L07-03-works-on-my-laptop.csproj" />
    <Project Path="labs/L07-boss-fights/exercises/L07-04-whodunit/L07-04-whodunit.csproj" />
  </Folder>
  <Folder Name="/L08-production/">
    <File Path="labs\L08-production\README.md" />
    <File Path="labs\L08-production\build-all.ps1" />
  </Folder>
  <Folder Name="/L08-production/L08-01-triage/">
    <File Path="labs\L08-production\L08-01-triage\README.md" />
    <File Path="labs\L08-production\L08-01-triage\QUESTIONS.md" />
    <File Path="labs\L08-production\L08-01-triage\run.ps1" />
  </Folder>
  <Folder Name="/L08-production/L08-02-flame-graph/">
    <File Path="labs\L08-production\L08-02-flame-graph\README.md" />
    <File Path="labs\L08-production\L08-02-flame-graph\QUESTIONS.md" />
    <File Path="labs\L08-production\L08-02-flame-graph\run.ps1" />
  </Folder>
  <Folder Name="/L08-production/L08-03-who-holds-memory/">
    <File Path="labs\L08-production\L08-03-who-holds-memory\README.md" />
    <File Path="labs\L08-production\L08-03-who-holds-memory\QUESTIONS.md" />
    <File Path="labs\L08-production\L08-03-who-holds-memory\run.ps1" />
  </Folder>
  <Folder Name="/L08-production/L08-04-container-limits/">
    <File Path="labs\L08-production\L08-04-container-limits\README.md" />
    <File Path="labs\L08-production\L08-04-container-limits\QUESTIONS.md" />
    <File Path="labs\L08-production\L08-04-container-limits\run.ps1" />
  </Folder>
  <Folder Name="/L08-production/L08-05-perf-gate/">
    <File Path="labs\L08-production\L08-05-perf-gate\README.md" />
    <File Path="labs\L08-production\L08-05-perf-gate\QUESTIONS.md" />
    <File Path="scripts\perf-gate.ps1" />
  </Folder>
  <Folder Name="/L09-request-pipeline/">
    <Project Path="labs/L09-request-pipeline/exercises/L09-01-hello-endpoint/L09-01-hello-endpoint.csproj" />
    <Project Path="labs/L09-request-pipeline/exercises/L09-02-audit-middleware/L09-02-audit-middleware.csproj" />
    <Project Path="labs/L09-request-pipeline/exercises/L09-03-report-endpoint/L09-03-report-endpoint.csproj" />
    <Project Path="labs/L09-request-pipeline/exercises/L09-04-price-endpoint/L09-04-price-endpoint.csproj" />
    <Project Path="labs/L09-request-pipeline/exercises/L09-05-import-endpoint/L09-05-import-endpoint.csproj" />
    <Project Path="labs/L09-request-pipeline/exercises/L09-boss-storefront-checkout/L09-boss-storefront-checkout.csproj" />
  </Folder>
  <Folder Name="/L10-async-under-load/">
    <Project Path="labs/L10-async-under-load/exercises/L10-01-database-endpoint/L10-01-database-endpoint.csproj" />
    <Project Path="labs/L10-async-under-load/exercises/L10-02-async-handler/L10-02-async-handler.csproj" />
    <Project Path="labs/L10-async-under-load/exercises/L10-03-aggregation-endpoint/L10-03-aggregation-endpoint.csproj" />
    <Project Path="labs/L10-async-under-load/exercises/L10-04-currency-conversion/L10-04-currency-conversion.csproj" />
    <Project Path="labs/L10-async-under-load/exercises/L10-05-impatient-clients/L10-05-impatient-clients.csproj" />
    <Project Path="labs/L10-async-under-load/exercises/L10-06-background-jobs/L10-06-background-jobs.csproj" />
    <Project Path="labs/L10-async-under-load/exercises/L10-boss-async-quotes/L10-boss-async-quotes.csproj" />
  </Folder>
  <Folder Name="/S-DB01-ravendb/">
    <Project Path="specializations/ravendb/exercises/S-DB01-01-order-feed/S-DB01-01-order-feed.csproj" />
    <Project Path="specializations/ravendb/exercises/S-DB01-02-job-sweeper/S-DB01-02-job-sweeper.csproj" />
    <Project Path="specializations/ravendb/exercises/S-DB01-03-revenue-tile/S-DB01-03-revenue-tile.csproj" />
    <Project Path="specializations/ravendb/exercises/S-DB01-04-finance-page/S-DB01-04-finance-page.csproj" />
    <Project Path="specializations/ravendb/exercises/S-DB01-05-article-export/S-DB01-05-article-export.csproj" />
    <Project Path="specializations/ravendb/exercises/S-DB01-06-sensor-ingest/S-DB01-06-sensor-ingest.csproj" />
    <Project Path="specializations/ravendb/exercises/S-DB01-07-note-sweep/S-DB01-07-note-sweep.csproj" />
    <Project Path="specializations/ravendb/exercises/S-DB01-08-red-products/S-DB01-08-red-products.csproj" />
    <Project Path="specializations/ravendb/exercises/S-DB01-09-leaderboard/S-DB01-09-leaderboard.csproj" />
    <Project Path="specializations/ravendb/exercises/S-DB01-10-big-invoices/S-DB01-10-big-invoices.csproj" />
    <Project Path="specializations/ravendb/exercises/S-DB01-11-country-report/S-DB01-11-country-report.csproj" />
    <Project Path="specializations/ravendb/exercises/S-DB01-12-brand-sidebar/S-DB01-12-brand-sidebar.csproj" />
    <Project Path="specializations/ravendb/exercises/S-DB01-13-ticket-import/S-DB01-13-ticket-import.csproj" />
    <Project Path="specializations/ravendb/exercises/S-DB01-14-gauge-writer/S-DB01-14-gauge-writer.csproj" />
    <Project Path="specializations/ravendb/exercises/S-DB01-15-contract-audit/S-DB01-15-contract-audit.csproj" />
    <Project Path="specializations/ravendb/exercises/S-DB01-boss-sales-dashboard/S-DB01-boss-sales-dashboard.csproj" />
  </Folder>
  <Folder Name="/L11-data-access/">
    <Project Path="labs/L11-data-access/exercises/L11-01-orders-dashboard/L11-01-orders-dashboard.csproj" />
    <Project Path="labs/L11-data-access/exercises/L11-02-customer-profile/L11-02-customer-profile.csproj" />
    <Project Path="labs/L11-data-access/exercises/L11-03-queued-requests/L11-03-queued-requests.csproj" />
    <Project Path="labs/L11-data-access/exercises/L11-04-paged-catalogue/L11-04-paged-catalogue.csproj" />
    <Project Path="labs/L11-data-access/exercises/L11-boss-orders-service/L11-boss-orders-service.csproj" />
  </Folder>
  <Folder Name="/L12-caching-outbound/">
    <Project Path="labs/L12-caching-outbound/exercises/L12-01-downstream-call/L12-01-downstream-call.csproj" />
    <Project Path="labs/L12-caching-outbound/exercises/L12-02-popular-items/L12-02-popular-items.csproj" />
    <Project Path="labs/L12-caching-outbound/exercises/L12-03-search-results/L12-03-search-results.csproj" />
    <Project Path="labs/L12-caching-outbound/exercises/L12-04-report-service/L12-04-report-service.csproj" />
    <Project Path="labs/L12-caching-outbound/exercises/L12-05-flaky-downstream/L12-05-flaky-downstream.csproj" />
    <Project Path="labs/L12-caching-outbound/exercises/L12-boss-catalog-service/L12-boss-catalog-service.csproj" />
  </Folder>
  <Folder Name="/L13-hosting/">
    <Project Path="labs/L13-hosting/exercises/L13-01-short-responses/L13-01-short-responses.csproj" />
    <Project Path="labs/L13-hosting/exercises/L13-02-request-logging/L13-02-request-logging.csproj" />
  </Folder>
  <Folder Name="/L14-capstones/">
    <Project Path="labs/L14-capstones/exercises/L14-01-black-friday/L14-01-black-friday.csproj" />
    <Project Path="labs/L14-capstones/exercises/L14-02-oom-killed/L14-02-oom-killed.csproj" />
  </Folder>
  <Folder Name="/src/">
    <Project Path="src/PerfLab.Harness.Data/PerfLab.Harness.Data.csproj" />
    <Project Path="src/PerfLab.Harness.Raven/PerfLab.Harness.Raven.csproj" />
    <Project Path="src/PerfLab.Harness.Web/PerfLab.Harness.Web.csproj" />
    <Project Path="src/PerfLab.Harness/PerfLab.Harness.csproj" />
  </Folder>
</Solution>
